// !$*UTF8*$!
{
	archiveVersion = 1;
	classes = {
	};
	objectVersion = 50;
	objects = {

/* Begin PBXBuildFile section */
		7C33E4E621C6816D003DC64A /* PhotoPickerManager.swift in Sources */ = {isa = PBXBuildFile; fileRef = 7C33E4E521C6816D003DC64A /* PhotoPickerManager.swift */; };
		7C36962C21AC48F9006CCC2A /* DataSource.swift in Sources */ = {isa = PBXBuildFile; fileRef = 7C36962B21AC48F9006CCC2A /* DataSource.swift */; };
		7C3A5FD921A559090032B151 /* AppDelegate.swift in Sources */ = {isa = PBXBuildFile; fileRef = 7C3A5FD821A559090032B151 /* AppDelegate.swift */; };
		7C3A5FDB21A559090032B151 /* MasterViewController.swift in Sources */ = {isa = PBXBuildFile; fileRef = 7C3A5FDA21A559090032B151 /* MasterViewController.swift */; };
		7C3A5FDD21A559090032B151 /* DetailViewController.swift in Sources */ = {isa = PBXBuildFile; fileRef = 7C3A5FDC21A559090032B151 /* DetailViewController.swift */; };
		7C3A5FE021A559090032B151 /* Main.storyboard in Resources */ = {isa = PBXBuildFile; fileRef = 7C3A5FDE21A559090032B151 /* Main.storyboard */; };
		7C3A5FE221A5590A0032B151 /* Assets.xcassets in Resources */ = {isa = PBXBuildFile; fileRef = 7C3A5FE121A5590A0032B151 /* Assets.xcassets */; };
		7C3A5FE521A5590A0032B151 /* LaunchScreen.storyboard in Resources */ = {isa = PBXBuildFile; fileRef = 7C3A5FE321A5590A0032B151 /* LaunchScreen.storyboard */; };
		7C3A5FED21A56AA60032B151 /* AddDiaryController.swift in Sources */ = {isa = PBXBuildFile; fileRef = 7C3A5FEC21A56AA60032B151 /* AddDiaryController.swift */; };
		7C3A5FEF21A59E910032B151 /* CoreDataStack.swift in Sources */ = {isa = PBXBuildFile; fileRef = 7C3A5FEE21A59E910032B151 /* CoreDataStack.swift */; };
		7C3A5FF221A5BCFA0032B151 /* DiaryApp.xcdatamodeld in Sources */ = {isa = PBXBuildFile; fileRef = 7C3A5FF021A5BCFA0032B151 /* DiaryApp.xcdatamodeld */; };
		7C3B449821A6B84F00341C50 /* Item+CoreDataClass.swift in Sources */ = {isa = PBXBuildFile; fileRef = 7C3B449621A6B84F00341C50 /* Item+CoreDataClass.swift */; };
		7C3B449921A6B84F00341C50 /* Item+CoreDataProperties.swift in Sources */ = {isa = PBXBuildFile; fileRef = 7C3B449721A6B84F00341C50 /* Item+CoreDataProperties.swift */; };
		7C3B78D421A9438C00D149FE /* DiaryFetchedResultsController.swift in Sources */ = {isa = PBXBuildFile; fileRef = 7C3B78D321A9438C00D149FE /* DiaryFetchedResultsController.swift */; };
		7C3C9CA721AD520F00995E1C /* LocationManager.swift in Sources */ = {isa = PBXBuildFile; fileRef = 7C3C9CA621AD520F00995E1C /* LocationManager.swift */; };
		7C3C9CA921AD5E4200995E1C /* PermissionController.swift in Sources */ = {isa = PBXBuildFile; fileRef = 7C3C9CA821AD5E4200995E1C /* PermissionController.swift */; };
		7C3C9CAC21ADA8E000995E1C /* Coordinate.swift in Sources */ = {isa = PBXBuildFile; fileRef = 7C3C9CAB21ADA8E000995E1C /* Coordinate.swift */; };
		7C427EF721B67BCE0022B7F5 /* MasterCell.swift in Sources */ = {isa = PBXBuildFile; fileRef = 7C427EF621B67BCE0022B7F5 /* MasterCell.swift */; };
/* End PBXBuildFile section */

/* Begin PBXFileReference section */
		7C33E4E521C6816D003DC64A /* PhotoPickerManager.swift */ = {isa = PBXFileReference; lastKnownFileType = sourcecode.swift; path = PhotoPickerManager.swift; sourceTree = "<group>"; };
		7C36962B21AC48F9006CCC2A /* DataSource.swift */ = {isa = PBXFileReference; lastKnownFileType = sourcecode.swift; path = DataSource.swift; sourceTree = "<group>"; };
		7C3A5FD521A559090032B151 /* DiaryApp.app */ = {isa = PBXFileReference; explicitFileType = wrapper.application; includeInIndex = 0; path = DiaryApp.app; sourceTree = BUILT_PRODUCTS_DIR; };
		7C3A5FD821A559090032B151 /* AppDelegate.swift */ = {isa = PBXFileReference; lastKnownFileType = sourcecode.swift; path = AppDelegate.swift; sourceTree = "<group>"; };
		7C3A5FDA21A559090032B151 /* MasterViewController.swift */ = {isa = PBXFileReference; lastKnownFileType = sourcecode.swift; path = MasterViewController.swift; sourceTree = "<group>"; };
		7C3A5FDC21A559090032B151 /* DetailViewController.swift */ = {isa = PBXFileReference; lastKnownFileType = sourcecode.swift; path = DetailViewController.swift; sourceTree = "<group>"; };
		7C3A5FDF21A559090032B151 /* Base */ = {isa = PBXFileReference; lastKnownFileType = file.storyboard; name = Base; path = Base.lproj/Main.storyboard; sourceTree = "<group>"; };
		7C3A5FE121A5590A0032B151 /* Assets.xcassets */ = {isa = PBXFileReference; lastKnownFileType = folder.assetcatalog; path = Assets.xcassets; sourceTree = "<group>"; };
		7C3A5FE421A5590A0032B151 /* Base */ = {isa = PBXFileReference; lastKnownFileType = file.storyboard; name = Base; path = Base.lproj/LaunchScreen.storyboard; sourceTree = "<group>"; };
		7C3A5FE621A5590A0032B151 /* Info.plist */ = {isa = PBXFileReference; lastKnownFileType = text.plist.xml; path = Info.plist; sourceTree = "<group>"; };
		7C3A5FEC21A56AA60032B151 /* AddDiaryController.swift */ = {isa = PBXFileReference; lastKnownFileType = sourcecode.swift; path = AddDiaryController.swift; sourceTree = "<group>"; };
		7C3A5FEE21A59E910032B151 /* CoreDataStack.swift */ = {isa = PBXFileReference; lastKnownFileType = sourcecode.swift; path = CoreDataStack.swift; sourceTree = "<group>"; };
		7C3A5FF121A5BCFA0032B151 /* DiaryApp.xcdatamodel */ = {isa = PBXFileReference; lastKnownFileType = wrapper.xcdatamodel; path = DiaryApp.xcdatamodel; sourceTree = "<group>"; };
		7C3B449621A6B84F00341C50 /* Item+CoreDataClass.swift */ = {isa = PBXFileReference; lastKnownFileType = sourcecode.swift; path = "Item+CoreDataClass.swift"; sourceTree = "<group>"; };
		7C3B449721A6B84F00341C50 /* Item+CoreDataProperties.swift */ = {isa = PBXFileReference; lastKnownFileType = sourcecode.swift; path = "Item+CoreDataProperties.swift"; sourceTree = "<group>"; };
		7C3B78D321A9438C00D149FE /* DiaryFetchedResultsController.swift */ = {isa = PBXFileReference; lastKnownFileType = sourcecode.swift; path = DiaryFetchedResultsController.swift; sourceTree = "<group>"; };
		7C3C9CA621AD520F00995E1C /* LocationManager.swift */ = {isa = PBXFileReference; lastKnownFileType = sourcecode.swift; path = LocationManager.swift; sourceTree = "<group>"; };
		7C3C9CA821AD5E4200995E1C /* PermissionController.swift */ = {isa = PBXFileReference; lastKnownFileType = sourcecode.swift; path = PermissionController.swift; sourceTree = "<group>"; };
		7C3C9CAB21ADA8E000995E1C /* Coordinate.swift */ = {isa = PBXFileReference; lastKnownFileType = sourcecode.swift; path = Coordinate.swift; sourceTree = "<group>"; };
		7C427EF621B67BCE0022B7F5 /* MasterCell.swift */ = {isa = PBXFileReference; lastKnownFileType = sourcecode.swift; path = MasterCell.swift; sourceTree = "<group>"; };
/* End PBXFileReference section */

/* Begin PBXFrameworksBuildPhase section */
		7C3A5FD221A559090032B151 /* Frameworks */ = {
			isa = PBXFrameworksBuildPhase;
			buildActionMask = 2147483647;
			files = (
			);
			runOnlyForDeploymentPostprocessing = 0;
		};
/* End PBXFrameworksBuildPhase section */

/* Begin PBXGroup section */
		7C3A5FCC21A559090032B151 = {
			isa = PBXGroup;
			children = (
				7C3A5FD721A559090032B151 /* DiaryApp */,
				7C3C9CA521AD51C800995E1C /* Permissions */,
				7C3C9CAA21ADA8CA00995E1C /* Model */,
				7C3A5FD621A559090032B151 /* Products */,
			);
			sourceTree = "<group>";
		};
		7C3A5FD621A559090032B151 /* Products */ = {
			isa = PBXGroup;
			children = (
				7C3A5FD521A559090032B151 /* DiaryApp.app */,
			);
			name = Products;
			sourceTree = "<group>";
		};
		7C3A5FD721A559090032B151 /* DiaryApp */ = {
			isa = PBXGroup;
			children = (
				7C3A5FD821A559090032B151 /* AppDelegate.swift */,
				7C3A5FDA21A559090032B151 /* MasterViewController.swift */,
				7C3A5FDC21A559090032B151 /* DetailViewController.swift */,
				7C3A5FEC21A56AA60032B151 /* AddDiaryController.swift */,
				7C3B78D321A9438C00D149FE /* DiaryFetchedResultsController.swift */,
				7C3A5FEE21A59E910032B151 /* CoreDataStack.swift */,
				7C36962B21AC48F9006CCC2A /* DataSource.swift */,
				7C427EF621B67BCE0022B7F5 /* MasterCell.swift */,
				7C3A5FDE21A559090032B151 /* Main.storyboard */,
				7C3A5FE121A5590A0032B151 /* Assets.xcassets */,
				7C3A5FE321A5590A0032B151 /* LaunchScreen.storyboard */,
				7C3A5FE621A5590A0032B151 /* Info.plist */,
				7C3A5FF021A5BCFA0032B151 /* DiaryApp.xcdatamodeld */,
				7C3B449621A6B84F00341C50 /* Item+CoreDataClass.swift */,
				7C3B449721A6B84F00341C50 /* Item+CoreDataProperties.swift */,
				7C33E4E521C6816D003DC64A /* PhotoPickerManager.swift */,
			);
			path = DiaryApp;
			sourceTree = "<group>";
		};
		7C3C9CA521AD51C800995E1C /* Permissions */ = {
			isa = PBXGroup;
			children = (
				7C3C9CA821AD5E4200995E1C /* PermissionController.swift */,
				7C3C9CA621AD520F00995E1C /* LocationManager.swift */,
			);
			path = Permissions;
			sourceTree = "<group>";
		};
		7C3C9CAA21ADA8CA00995E1C /* Model */ = {
			isa = PBXGroup;
			children = (
				7C3C9CAB21ADA8E000995E1C /* Coordinate.swift */,
			);
			path = Model;
			sourceTree = "<group>";
		};
/* End PBXGroup section */

/* Begin PBXNativeTarget section */
		7C3A5FD421A559090032B151 /* DiaryApp */ = {
			isa = PBXNativeTarget;
			buildConfigurationList = 7C3A5FE921A5590A0032B151 /* Build configuration list for PBXNativeTarget "DiaryApp" */;
			buildPhases = (
				7C3A5FD121A559090032B151 /* Sources */,
				7C3A5FD221A559090032B151 /* Frameworks */,
				7C3A5FD321A559090032B151 /* Resources */,
			);
			buildRules = (
			);
			dependencies = (
			);
			name = DiaryApp;
			productName = DiaryApp;
			productReference = 7C3A5FD521A559090032B151 /* DiaryApp.app */;
			productType = "com.apple.product-type.application";
		};
/* End PBXNativeTarget section */

/* Begin PBXProject section */
		7C3A5FCD21A559090032B151 /* Project object */ = {
			isa = PBXProject;
			attributes = {
				LastSwiftUpdateCheck = 1010;
				LastUpgradeCheck = 1010;
				ORGANIZATIONNAME = "Ali C";
				TargetAttributes = {
					7C3A5FD421A559090032B151 = {
						CreatedOnToolsVersion = 10.1;
					};
				};
			};
			buildConfigurationList = 7C3A5FD021A559090032B151 /* Build configuration list for PBXProject "DiaryApp" */;
			compatibilityVersion = "Xcode 9.3";
			developmentRegion = en;
			hasScannedForEncodings = 0;
			knownRegions = (
				en,
				Base,
			);
			mainGroup = 7C3A5FCC21A559090032B151;
			productRefGroup = 7C3A5FD621A559090032B151 /* Products */;
			projectDirPath = "";
			projectRoot = "";
			targets = (
				7C3A5FD421A559090032B151 /* DiaryApp */,
			);
		};
/* End PBXProject section */

/* Begin PBXResourcesBuildPhase section */
		7C3A5FD321A559090032B151 /* Resources */ = {
			isa = PBXResourcesBuildPhase;
			buildActionMask = 2147483647;
			files = (
				7C3A5FE521A5590A0032B151 /* LaunchScreen.storyboard in Resources */,
				7C3A5FE221A5590A0032B151 /* Assets.xcassets in Resources */,
				7C3A5FE021A559090032B151 /* Main.storyboard in Resources */,
			);
			runOnlyForDeploymentPostprocessing = 0;
		};
/* End PBXResourcesBuildPhase section */

/* Begin PBXSourcesBuildPhase section */
		7C3A5FD121A559090032B151 /* Sources */ = {
			isa = PBXSourcesBuildPhase;
			buildActionMask = 2147483647;
			files = (
				7C3A5FEF21A59E910032B151 /* CoreDataStack.swift in Sources */,
				7C3A5FDD21A559090032B151 /* DetailViewController.swift in Sources */,
				7C3C9CA921AD5E4200995E1C /* PermissionController.swift in Sources */,
				7C33E4E621C6816D003DC64A /* PhotoPickerManager.swift in Sources */,
				7C3B449921A6B84F00341C50 /* Item+CoreDataProperties.swift in Sources */,
				7C3C9CA721AD520F00995E1C /* LocationManager.swift in Sources */,
				7C3A5FED21A56AA60032B151 /* AddDiaryController.swift in Sources */,
				7C3A5FF221A5BCFA0032B151 /* DiaryApp.xcdatamodeld in Sources */,
				7C3B78D421A9438C00D149FE /* DiaryFetchedResultsController.swift in Sources */,
				7C3A5FDB21A559090032B151 /* MasterViewController.swift in Sources */,
				7C427EF721B67BCE0022B7F5 /* MasterCell.swift in Sources */,
				7C3C9CAC21ADA8E000995E1C /* Coordinate.swift in Sources */,
				7C3A5FD921A559090032B151 /* AppDelegate.swift in Sources */,
				7C36962C21AC48F9006CCC2A /* DataSource.swift in Sources */,
				7C3B449821A6B84F00341C50 /* Item+CoreDataClass.swift in Sources */,
			);
			runOnlyForDeploymentPostprocessing = 0;
		};
/* End PBXSourcesBuildPhase section */

/* Begin PBXVariantGroup section */
		7C3A5FDE21A559090032B151 /* Main.storyboard */ = {
			isa = PBXVariantGroup;
			children = (
				7C3A5FDF21A559090032B151 /* Base */,
			);
			name = Main.storyboard;
			sourceTree = "<group>";
		};
		7C3A5FE321A5590A0032B151 /* LaunchScreen.storyboard */ = {
			isa = PBXVariantGroup;
			children = (
				7C3A5FE421A5590A0032B151 /* Base */,
			);
			name = LaunchScreen.storyboard;
			sourceTree = "<group>";
		};
/* End PBXVariantGroup section */

/* Begin XCBuildConfiguration section */
		7C3A5FE721A5590A0032B151 /* Debug */ = {
			isa = XCBuildConfiguration;
			buildSettings = {
				ALWAYS_SEARCH_USER_PATHS = NO;
				CLANG_ANALYZER_NONNULL = YES;
				CLANG_ANALYZER_NUMBER_OBJECT_CONVERSION = YES_AGGRESSIVE;
				CLANG_CXX_LANGUAGE_STANDARD = "gnu++14";
				CLANG_CXX_LIBRARY = "libc++";
				CLANG_ENABLE_MODULES = YES;
				CLANG_ENABLE_OBJC_ARC = YES;
				CLANG_ENABLE_OBJC_WEAK = YES;
				CLANG_WARN_BLOCK_CAPTURE_AUTORELEASING = YES;
				CLANG_WARN_BOOL_CONVERSION = YES;
				CLANG_WARN_COMMA = YES;
				CLANG_WARN_CONSTANT_CONVERSION = YES;
				CLANG_WARN_DEPRECATED_OBJC_IMPLEMENTATIONS = YES;
				CLANG_WARN_DIRECT_OBJC_ISA_USAGE = YES_ERROR;
				CLANG_WARN_DOCUMENTATION_COMMENTS = YES;
				CLANG_WARN_EMPTY_BODY = YES;
				CLANG_WARN_ENUM_CONVERSION = YES;
				CLANG_WARN_INFINITE_RECURSION = YES;
				CLANG_WARN_INT_CONVERSION = YES;
				CLANG_WARN_NON_LITERAL_NULL_CONVERSION = YES;
				CLANG_WARN_OBJC_IMPLICIT_RETAIN_SELF = YES;
				CLANG_WARN_OBJC_LITERAL_CONVERSION = YES;
				CLANG_WARN_OBJC_ROOT_CLASS = YES_ERROR;
				CLANG_WARN_RANGE_LOOP_ANALYSIS = YES;
				CLANG_WARN_STRICT_PROTOTYPES = YES;
				CLANG_WARN_SUSPICIOUS_MOVE = YES;
				CLANG_WARN_UNGUARDED_AVAILABILITY = YES_AGGRESSIVE;
				CLANG_WARN_UNREACHABLE_CODE = YES;
				CLANG_WARN__DUPLICATE_METHOD_MATCH = YES;
				CODE_SIGN_IDENTITY = "iPhone Developer";
				COPY_PHASE_STRIP = NO;
				DEBUG_INFORMATION_FORMAT = dwarf;
				ENABLE_STRICT_OBJC_MSGSEND = YES;
				ENABLE_TESTABILITY = YES;
				GCC_C_LANGUAGE_STANDARD = gnu11;
				GCC_DYNAMIC_NO_PIC = NO;
				GCC_NO_COMMON_BLOCKS = YES;
				GCC_OPTIMIZATION_LEVEL = 0;
				GCC_PREPROCESSOR_DEFINITIONS = (
					"DEBUG=1",
					"$(inherited)",
				);
				GCC_WARN_64_TO_32_BIT_CONVERSION = YES;
				GCC_WARN_ABOUT_RETURN_TYPE = YES_ERROR;
				GCC_WARN_UNDECLARED_SELECTOR = YES;
				GCC_WARN_UNINITIALIZED_AUTOS = YES_AGGRESSIVE;
				GCC_WARN_UNUSED_FUNCTION = YES;
				GCC_WARN_UNUSED_VARIABLE = YES;
				IPHONEOS_DEPLOYMENT_TARGET = 12.1;
				MTL_ENABLE_DEBUG_INFO = INCLUDE_SOURCE;
				MTL_FAST_MATH = YES;
				ONLY_ACTIVE_ARCH = YES;
				SDKROOT = iphoneos;
				SWIFT_ACTIVE_COMPILATION_CONDITIONS = DEBUG;
				SWIFT_OPTIMIZATION_LEVEL = "-Onone";
			};
			name = Debug;
		};
		7C3A5FE821A5590A0032B151 /* Release */ = {
			isa = XCBuildConfiguration;
			buildSettings = {
				ALWAYS_SEARCH_USER_PATHS = NO;
				CLANG_ANALYZER_NONNULL = YES;
				CLANG_ANALYZER_NUMBER_OBJECT_CONVERSION = YES_AGGRESSIVE;
				CLANG_CXX_LANGUAGE_STANDARD = "gnu++14";
				CLANG_CXX_LIBRARY = "libc++";
				CLANG_ENABLE_MODULES = YES;
				CLANG_ENABLE_OBJC_ARC = YES;
				CLANG_ENABLE_OBJC_WEAK = YES;
				CLANG_WARN_BLOCK_CAPTURE_AUTORELEASING = YES;
				CLANG_WARN_BOOL_CONVERSION = YES;
				CLANG_WARN_COMMA = YES;
				CLANG_WARN_CONSTANT_CONVERSION = YES;
				CLANG_WARN_DEPRECATED_OBJC_IMPLEMENTATIONS = YES;
				CLANG_WARN_DIRECT_OBJC_ISA_USAGE = YES_ERROR;
				CLANG_WARN_DOCUMENTATION_COMMENTS = YES;
				CLANG_WARN_EMPTY_BODY = YES;
				CLANG_WARN_ENUM_CONVERSION = YES;
				CLANG_WARN_INFINITE_RECURSION = YES;
				CLANG_WARN_INT_CONVERSION = YES;
				CLANG_WARN_NON_LITERAL_NULL_CONVERSION = YES;
				CLANG_WARN_OBJC_IMPLICIT_RETAIN_SELF = YES;
				CLANG_WARN_OBJC_LITERAL_CONVERSION = YES;
				CLANG_WARN_OBJC_ROOT_CLASS = YES_ERROR;
				CLANG_WARN_RANGE_LOOP_ANALYSIS = YES;
				CLANG_WARN_STRICT_PROTOTYPES = YES;
				CLANG_WARN_SUSPICIOUS_MOVE = YES;
				CLANG_WARN_UNGUARDED_AVAILABILITY = YES_AGGRESSIVE;
				CLANG_WARN_UNREACHABLE_CODE = YES;
				CLANG_WARN__DUPLICATE_METHOD_MATCH = YES;
				CODE_SIGN_IDENTITY = "iPhone Developer";
				COPY_PHASE_STRIP = NO;
				DEBUG_INFORMATION_FORMAT = "dwarf-with-dsym";
				ENABLE_NS_ASSERTIONS = NO;
				ENABLE_STRICT_OBJC_MSGSEND = YES;
				GCC_C_LANGUAGE_STANDARD = gnu11;
				GCC_NO_COMMON_BLOCKS = YES;
				GCC_WARN_64_TO_32_BIT_CONVERSION = YES;
				GCC_WARN_ABOUT_RETURN_TYPE = YES_ERROR;
				GCC_WARN_UNDECLARED_SELECTOR = YES;
				GCC_WARN_UNINITIALIZED_AUTOS = YES_AGGRESSIVE;
				GCC_WARN_UNUSED_FUNCTION = YES;
				GCC_WARN_UNUSED_VARIABLE = YES;
				IPHONEOS_DEPLOYMENT_TARGET = 12.1;
				MTL_ENABLE_DEBUG_INFO = NO;
				MTL_FAST_MATH = YES;
				SDKROOT = iphoneos;
				SWIFT_COMPILATION_MODE = wholemodule;
				SWIFT_OPTIMIZATION_LEVEL = "-O";
				VALIDATE_PRODUCT = YES;
			};
			name = Release;
		};
		7C3A5FEA21A5590A0032B151 /* Debug */ = {
			isa = XCBuildConfiguration;
			buildSettings = {
				ASSETCATALOG_COMPILER_APPICON_NAME = AppIcon;
				CODE_SIGN_STYLE = Automatic;
				DEVELOPMENT_TEAM = CPZ6V3E8L9;
				INFOPLIST_FILE = DiaryApp/Info.plist;
				LD_RUNPATH_SEARCH_PATHS = (
					"$(inherited)",
					"@executable_path/Frameworks",
				);
				PRODUCT_BUNDLE_IDENTIFIER = "Ali-Inc.DiaryApp";
				PRODUCT_NAME = "$(TARGET_NAME)";
				SWIFT_VERSION = 4.2;
				TARGETED_DEVICE_FAMILY = "1,2";
			};
			name = Debug;
		};
		7C3A5FEB21A5590A0032B151 /* Release */ = {
			isa = XCBuildConfiguration;
			buildSettings = {
				ASSETCATALOG_COMPILER_APPICON_NAME = AppIcon;
				CODE_SIGN_STYLE = Automatic;
				DEVELOPMENT_TEAM = CPZ6V3E8L9;
				INFOPLIST_FILE = DiaryApp/Info.plist;
				LD_RUNPATH_SEARCH_PATHS = (
					"$(inherited)",
					"@executable_path/Frameworks",
				);
				PRODUCT_BUNDLE_IDENTIFIER = "Ali-Inc.DiaryApp";
				PRODUCT_NAME = "$(TARGET_NAME)";
				SWIFT_VERSION = 4.2;
				TARGETED_DEVICE_FAMILY = "1,2";
			};
			name = Release;
		};
/* End XCBuildConfiguration section */

/* Begin XCConfigurationList section */
		7C3A5FD021A559090032B151 /* Build configuration list for PBXProject "DiaryApp" */ = {
			isa = XCConfigurationList;
			buildConfigurations = (
				7C3A5FE721A5590A0032B151 /* Debug */,
				7C3A5FE821A5590A0032B151 /* Release */,
			);
			defaultConfigurationIsVisible = 0;
			defaultConfigurationName = Release;
		};
		7C3A5FE921A5590A0032B151 /* Build configuration list for PBXNativeTarget "DiaryApp" */ = {
			isa = XCConfigurationList;
			buildConfigurations = (
				7C3A5FEA21A5590A0032B151 /* Debug */,
				7C3A5FEB21A5590A0032B151 /* Release */,
			);
			defaultConfigurationIsVisible = 0;
			defaultConfigurationName = Release;
		};
/* End XCConfigurationList section */

/* Begin XCVersionGroup section */
		7C3A5FF021A5BCFA0032B151 /* DiaryApp.xcdatamodeld */ = {
			isa = XCVersionGroup;
			children = (
				7C3A5FF121A5BCFA0032B151 /* DiaryApp.xcdatamodel */,
			);
			currentVersion = 7C3A5FF121A5BCFA0032B151 /* DiaryApp.xcdatamodel */;
			path = DiaryApp.xcdatamodeld;
			sourceTree = "<group>";
			versionGroupType = wrapper.xcdatamodel;
		};
/* End XCVersionGroup section */
	};
	rootObject = 7C3A5FCD21A559090032B151 /* Project object */;
}
